# THIS IS AN AUTOGENERATED FILE. DO NOT EDIT THIS FILE DIRECTLY.
# yarn lockfile v1
almost-equal@^1.1.0:
  version "1.1.0"
  resolved "https://registry.yarnpkg.com/almost-equal/-/almost-equal-1.1.0.tgz#f851c631138757994276aa2efbe8dfa3066cccdd"

babel-plugin-transform-runtime@^6.7.5:
  version "6.15.0"
  resolved "https://registry.yarnpkg.com/babel-plugin-transform-runtime/-/babel-plugin-transform-runtime-6.15.0.tgz#3d75b4d949ad81af157570273846fb59aeb0d57c"
  dependencies:
    babel-runtime "^6.9.0"

babel-runtime@^6.2.0, babel-runtime@^6.6.1, babel-runtime@^6.9.0:
  version "6.18.0"
  resolved "https://registry.yarnpkg.com/babel-runtime/-/babel-runtime-6.18.0.tgz#0f4177ffd98492ef13b9f823e9994a02584c9078"
  dependencies:
    core-js "^2.4.0"
    regenerator-runtime "^0.9.5"

base16@^1.0.0:
  version "1.0.0"
  resolved "https://registry.yarnpkg.com/base16/-/base16-1.0.0.tgz#e297f60d7ec1014a7a971a39ebc8a98c0b681e70"

bulma:
  version "0.2.3"
  resolved "https://registry.yarnpkg.com/bulma/-/bulma-0.2.3.tgz#086394c65e74aa8081e658bdcf6742f81107936e"

color-space@^1.14.3:
  version "1.14.6"
  resolved "https://registry.yarnpkg.com/color-space/-/color-space-1.14.6.tgz#a52fd4f083073d3cb335c3b4dc35d5fd59347f25"
  dependencies:
    husl ">=5.0"
    mumath "^3.0.0"

core-js@^2.4.0:
  version "2.4.1"
  resolved "https://registry.yarnpkg.com/core-js/-/core-js-2.4.1.tgz#4de911e667b0eae9124e34254b53aea6fc618d3e"

history@^4.3.0:
  version "4.4.0"
  resolved "https://registry.yarnpkg.com/history/-/history-4.4.0.tgz#b1369588cb9e5d80219d0b1f866b0ac62c14a7f8"
  dependencies:
    invariant "^2.2.1"
    loose-envify "^1.2.0"
    resolve-pathname "^2.0.0"
    value-equal "^0.1.1"
    warning "^3.0.0"

hoist-non-react-statics@^1.0.3:
  version "1.2.0"
  resolved "https://registry.yarnpkg.com/hoist-non-react-statics/-/hoist-non-react-statics-1.2.0.tgz#aa448cf0986d55cc40773b17174b7dd066cb7cfb"

husl@>=5.0:
  version "6.0.1"
  resolved "https://registry.yarnpkg.com/husl/-/husl-6.0.1.tgz#c6a9f2edea1fc24c00ccb565903bccf37cf3cc58"

invariant@^2.0.0, invariant@^2.2.1:
  version "2.2.1"
  resolved "https://registry.yarnpkg.com/invariant/-/invariant-2.2.1.tgz#b097010547668c7e337028ebe816ebe36c8a8d54"
  dependencies:
    loose-envify "^1.0.0"

isarray@0.0.1:
  version "0.0.1"
  resolved "https://registry.yarnpkg.com/isarray/-/isarray-0.0.1.tgz#8a18acfca9a8f4177e09abfc6038939b05d1eedf"

js-tokens@^2.0.0:
  version "2.0.0"
  resolved "https://registry.yarnpkg.com/js-tokens/-/js-tokens-2.0.0.tgz#79903f5563ee778cc1162e6dcf1a0027c97f9cb5"

lodash-es@^4.2.1:
  version "4.16.6"
  resolved "https://registry.yarnpkg.com/lodash-es/-/lodash-es-4.16.6.tgz#c8552faedaa4d1d591de8da9b3980ef1c52efa08"

lodash._getnative@^3.0.0:
  version "3.9.1"
  resolved "https://registry.yarnpkg.com/lodash._getnative/-/lodash._getnative-3.9.1.tgz#570bc7dede46d61cdcde687d65d3eecbaa3aaff5"

lodash.curry@^4.0.1:
  version "4.1.1"
  resolved "https://registry.yarnpkg.com/lodash.curry/-/lodash.curry-4.1.1.tgz#248e36072ede906501d75966200a86dab8b23170"

lodash.debounce@^3.1.1:
  version "3.1.1"
  resolved "https://registry.yarnpkg.com/lodash.debounce/-/lodash.debounce-3.1.1.tgz#812211c378a94cc29d5aa4e3346cf0bfce3a7df5"
  dependencies:
    lodash._getnative "^3.0.0"

lodash.debounce@^4.0.4:
  version "4.0.8"
  resolved "https://registry.yarnpkg.com/lodash.debounce/-/lodash.debounce-4.0.8.tgz#82d79bff30a67c4005ffd5e2515300ad9ca4d7af"

lodash.flow@^3.3.0:
  version "3.5.0"
  resolved "https://registry.yarnpkg.com/lodash.flow/-/lodash.flow-3.5.0.tgz#87bf40292b8cf83e4e8ce1a3ae4209e20071675a"

lodash@^4.2.0, lodash@^4.2.1:
  version "4.16.6"
  resolved "https://registry.yarnpkg.com/lodash/-/lodash-4.16.6.tgz#d22c9ac660288f3843e16ba7d2b5d06cca27d777"

loose-envify@^1.0.0, loose-envify@^1.1.0, loose-envify@^1.2.0:
  version "1.3.0"
  resolved "https://registry.yarnpkg.com/loose-envify/-/loose-envify-1.3.0.tgz#6b26248c42f6d4fa4b0d8542f78edfcde35642a8"
  dependencies:
    js-tokens "^2.0.0"

mumath@^3.0.0:
  version "3.3.1"
  resolved "https://registry.yarnpkg.com/mumath/-/mumath-3.3.1.tgz#264b3d610d7a0a4e574ff282424b5427be0b0c96"
  dependencies:
    almost-equal "^1.1.0"

object-assign@^4.0.1, object-assign@^4.1.0:
  version "4.1.0"
  resolved "https://registry.yarnpkg.com/object-assign/-/object-assign-4.1.0.tgz#7a3b3d0e98063d43f4c03f2e8ae6cd51a86883a0"

parse-key@^0.2.1:
  version "0.2.1"
  resolved "https://registry.yarnpkg.com/parse-key/-/parse-key-0.2.1.tgz#7bcf76595536e36075664be4d687e4bdd910208f"

path-to-regexp@^1.5.3:
  version "1.6.0"
  resolved "https://registry.yarnpkg.com/path-to-regexp/-/path-to-regexp-1.6.0.tgz#4c59cfeab5e360a2657b180730a4bb4582ecec5b"
  dependencies:
    isarray "0.0.1"

pure-color@^1.2.0:
  version "1.2.0"
  resolved "https://registry.yarnpkg.com/pure-color/-/pure-color-1.2.0.tgz#702d2f2819dd545b1fde5116fca5f0c2dad2d18d"

query-string@4.2.3:
  version "4.2.3"
  resolved "https://registry.yarnpkg.com/query-string/-/query-string-4.2.3.tgz#9f27273d207a25a8ee4c7b8c74dcd45d556db822"
  dependencies:
    object-assign "^4.1.0"
    strict-uri-encode "^1.0.0"

react-base16-styling@^0.4.1:
  version "0.4.6"
  resolved "https://registry.yarnpkg.com/react-base16-styling/-/react-base16-styling-0.4.6.tgz#ac23cb19b278974d965003b88f06a038d790bc80"
  dependencies:
    base16 "^1.0.0"
    color-space "^1.14.3"
    lodash.curry "^4.0.1"
    lodash.flow "^3.3.0"
    pure-color "^1.2.0"

react-broadcast@^0.1.1:
  version "0.1.2"
  resolved "https://registry.yarnpkg.com/react-broadcast/-/react-broadcast-0.1.2.tgz#950de63578a2af399a396067a617af7402182330"
  dependencies:
    invariant "^2.2.1"

react-dock@^0.2.1:
  version "0.2.3"
  resolved "https://registry.yarnpkg.com/react-dock/-/react-dock-0.2.3.tgz#a25461564f3cf64ab5b7098e7546036066a9c0e2"
  dependencies:
    lodash.debounce "^3.1.1"
    object-assign "^4.0.1"

react-json-tree@^0.10.0:
  version "0.10.0"
  resolved "https://registry.yarnpkg.com/react-json-tree/-/react-json-tree-0.10.0.tgz#92d5c223fc7718614a906591cd916127ce2b6033"
  dependencies:
    babel-plugin-transform-runtime "^6.7.5"
    babel-runtime "^6.6.1"
    react-base16-styling "^0.4.1"
    react-pure-render "^1.0.2"

react-pure-render@^1.0.2:
  version "1.0.2"
  resolved "https://registry.yarnpkg.com/react-pure-render/-/react-pure-render-1.0.2.tgz#9d8a928c7f2c37513c2d064e57b3e3c356e9fabb"

react-redux@^4.0.0:
  version "4.4.5"
  resolved "https://registry.yarnpkg.com/react-redux/-/react-redux-4.4.5.tgz#f509a2981be2252d10c629ef7c559347a4aec457"
  dependencies:
    hoist-non-react-statics "^1.0.3"
    invariant "^2.0.0"
    lodash "^4.2.0"
    loose-envify "^1.1.0"

react-router@next:
  version "4.0.0-alpha.5"
  resolved "https://registry.yarnpkg.com/react-router/-/react-router-4.0.0-alpha.5.tgz#9d80514f9bbbec040dffbd4f9cf241da2830e318"
  dependencies:
    history "^4.3.0"
    path-to-regexp "^1.5.3"
    query-string "4.2.3"
    react-broadcast "^0.1.1"

redux-devtools:
  version "3.3.1"
  resolved "https://registry.yarnpkg.com/redux-devtools/-/redux-devtools-3.3.1.tgz#e2ed0b5335310935a25bbc73c60c09e522182850"
  dependencies:
    lodash "^4.2.0"
    react-redux "^4.0.0"
    redux "^3.5.2"
    redux-devtools-instrument "^1.0.1"

redux-devtools-dock-monitor:
  version "1.1.1"
  resolved "https://registry.yarnpkg.com/redux-devtools-dock-monitor/-/redux-devtools-dock-monitor-1.1.1.tgz#6ef4ff5a7c42f5d7fa39c34859a8f4eb4dee9947"
  dependencies:
    babel-runtime "^6.2.0"
    parse-key "^0.2.1"
    react-dock "^0.2.1"
    react-pure-render "^1.0.2"

redux-devtools-instrument@^1.0.1:
  version "1.3.3"
  resolved "https://registry.yarnpkg.com/redux-devtools-instrument/-/redux-devtools-instrument-1.3.3.tgz#4a17c80cc23465646460b2da3ee438a4ac0b28ae"
  dependencies:
    lodash "^4.2.0"
    symbol-observable "^0.2.4"

redux-devtools-log-monitor:
  version "1.1.1"
  resolved "https://registry.yarnpkg.com/redux-devtools-log-monitor/-/redux-devtools-log-monitor-1.1.1.tgz#6d6c731e239934e4306765c256d9e1c1efd72e3c"
  dependencies:
    lodash.debounce "^4.0.4"
    react-json-tree "^0.10.0"
    react-pure-render "^1.0.2"
    redux-devtools-themes "^1.0.0"

redux-devtools-themes@^1.0.0:
  version "1.0.0"
  resolved "https://registry.yarnpkg.com/redux-devtools-themes/-/redux-devtools-themes-1.0.0.tgz#c482dce3c5373976045f40134907d9dcb3ae3d5d"
  dependencies:
    base16 "^1.0.0"

redux@^3.5.2:
  version "3.6.0"
  resolved "https://registry.yarnpkg.com/redux/-/redux-3.6.0.tgz#887c2b3d0b9bd86eca2be70571c27654c19e188d"
  dependencies:
    lodash "^4.2.1"
    lodash-es "^4.2.1"
    loose-envify "^1.1.0"
    symbol-observable "^1.0.2"

regenerator-runtime@^0.9.5:
  version "0.9.6"
  resolved "https://registry.yarnpkg.com/regenerator-runtime/-/regenerator-runtime-0.9.6.tgz#d33eb95d0d2001a4be39659707c51b0cb71ce029"

resolve-pathname@^2.0.0:
  version "2.0.2"
  resolved "https://registry.yarnpkg.com/resolve-pathname/-/resolve-pathname-2.0.2.tgz#e55c016eb2e9df1de98e85002282bfb38c630436"

strict-uri-encode@^1.0.0:
  version "1.1.0"
  resolved "https://registry.yarnpkg.com/strict-uri-encode/-/strict-uri-encode-1.1.0.tgz#279b225df1d582b1f54e65addd4352e18faa0713"

symbol-observable@^0.2.4:
  version "0.2.4"
  resolved "https://registry.yarnpkg.com/symbol-observable/-/symbol-observable-0.2.4.tgz#95a83db26186d6af7e7a18dbd9760a2f86d08f40"

symbol-observable@^1.0.2:
  version "1.0.4"
  resolved "https://registry.yarnpkg.com/symbol-observable/-/symbol-observable-1.0.4.tgz#29bf615d4aa7121bdd898b22d4b3f9bc4e2aa03d"

value-equal@^0.1.1:
  version "0.1.1"
  resolved "https://registry.yarnpkg.com/value-equal/-/value-equal-0.1.1.tgz#b174df21f203c81e17f2e4d59d3a900024cbef7b"

warning@^3.0.0:
  version "3.0.0"
  resolved "https://registry.yarnpkg.com/warning/-/warning-3.0.0.tgz#32e5377cb572de4ab04753bdf8821c01ed605b7c"
  dependencies:
    loose-envify "^1.0.0"

